// !$*UTF8*$!
{
	archiveVersion = 1;
	classes = {
	};
	objectVersion = 56;
	objects = {

/* Begin PBXBuildFile section */
		2F182338294272090020EE96 /* LottieView.swift in Sources */ = {isa = PBXBuildFile; fileRef = 2F182337294272090020EE96 /* LottieView.swift */; };
		2F18234B2943BC3A0020EE96 /* dayRain.json in Resources */ = {isa = PBXBuildFile; fileRef = 2F1823392943BC390020EE96 /* dayRain.json */; };
		2F18234C2943BC3A0020EE96 /* dayMist.json in Resources */ = {isa = PBXBuildFile; fileRef = 2F18233A2943BC390020EE96 /* dayMist.json */; };
		2F18234D2943BC3A0020EE96 /* nightBrokenClouds.json in Resources */ = {isa = PBXBuildFile; fileRef = 2F18233B2943BC390020EE96 /* nightBrokenClouds.json */; };
		2F18234E2943BC3A0020EE96 /* nightThunderstorm.json in Resources */ = {isa = PBXBuildFile; fileRef = 2F18233C2943BC390020EE96 /* nightThunderstorm.json */; };
		2F18234F2943BC3A0020EE96 /* dayFewClouds.json in Resources */ = {isa = PBXBuildFile; fileRef = 2F18233D2943BC390020EE96 /* dayFewClouds.json */; };
		2F1823502943BC3A0020EE96 /* nightScatteredClouds.json in Resources */ = {isa = PBXBuildFile; fileRef = 2F18233E2943BC390020EE96 /* nightScatteredClouds.json */; };
		2F1823512943BC3A0020EE96 /* nightSnow.json in Resources */ = {isa = PBXBuildFile; fileRef = 2F18233F2943BC390020EE96 /* nightSnow.json */; };
		2F1823522943BC3A0020EE96 /* dayClearSky.json in Resources */ = {isa = PBXBuildFile; fileRef = 2F1823402943BC390020EE96 /* dayClearSky.json */; };
		2F1823532943BC3A0020EE96 /* daySnow.json in Resources */ = {isa = PBXBuildFile; fileRef = 2F1823412943BC390020EE96 /* daySnow.json */; };
		2F1823542943BC3A0020EE96 /* nightShowerRains.json in Resources */ = {isa = PBXBuildFile; fileRef = 2F1823422943BC390020EE96 /* nightShowerRains.json */; };
		2F1823552943BC3A0020EE96 /* dayThunderstorm.json in Resources */ = {isa = PBXBuildFile; fileRef = 2F1823432943BC390020EE96 /* dayThunderstorm.json */; };
		2F1823562943BC3A0020EE96 /* nightRain.json in Resources */ = {isa = PBXBuildFile; fileRef = 2F1823442943BC390020EE96 /* nightRain.json */; };
		2F1823572943BC3A0020EE96 /* dayScatteredClouds.json in Resources */ = {isa = PBXBuildFile; fileRef = 2F1823452943BC390020EE96 /* dayScatteredClouds.json */; };
		2F1823582943BC3A0020EE96 /* nightClearSky.json in Resources */ = {isa = PBXBuildFile; fileRef = 2F1823462943BC3A0020EE96 /* nightClearSky.json */; };
		2F1823592943BC3A0020EE96 /* dayShowerRains.json in Resources */ = {isa = PBXBuildFile; fileRef = 2F1823472943BC3A0020EE96 /* dayShowerRains.json */; };
		2F18235A2943BC3A0020EE96 /* dayBrokenClouds.json in Resources */ = {isa = PBXBuildFile; fileRef = 2F1823482943BC3A0020EE96 /* dayBrokenClouds.json */; };
		2F18235B2943BC3A0020EE96 /* nightFewClouds.json in Resources */ = {isa = PBXBuildFile; fileRef = 2F1823492943BC3A0020EE96 /* nightFewClouds.json */; };
		2F18235C2943BC3A0020EE96 /* nightMist.json in Resources */ = {isa = PBXBuildFile; fileRef = 2F18234A2943BC3A0020EE96 /* nightMist.json */; };
		2F18235E2943BD2F0020EE96 /* MenuHeaderView.swift in Sources */ = {isa = PBXBuildFile; fileRef = 2F18235D2943BD2F0020EE96 /* MenuHeaderView.swift */; };
		2F1823602943C39A0020EE96 /* CityNameView.swift in Sources */ = {isa = PBXBuildFile; fileRef = 2F18235F2943C39A0020EE96 /* CityNameView.swift */; };
		2F1823622943C4C40020EE96 /* TodayWeatherView.swift in Sources */ = {isa = PBXBuildFile; fileRef = 2F1823612943C4C40020EE96 /* TodayWeatherView.swift */; };
		2F1823642943CDAD0020EE96 /* HourlyWeatherView.swift in Sources */ = {isa = PBXBuildFile; fileRef = 2F1823632943CDAD0020EE96 /* HourlyWeatherView.swift */; };
		2F1823662943D35C0020EE96 /* DailyWeatherView.swift in Sources */ = {isa = PBXBuildFile; fileRef = 2F1823652943D35C0020EE96 /* DailyWeatherView.swift */; };
		2F262381293EC10000898BB6 /* DT_Weather_SwiftUIApp.swift in Sources */ = {isa = PBXBuildFile; fileRef = 2F262380293EC10000898BB6 /* DT_Weather_SwiftUIApp.swift */; };
		2F262383293EC10000898BB6 /* ContentView.swift in Sources */ = {isa = PBXBuildFile; fileRef = 2F262382293EC10000898BB6 /* ContentView.swift */; };
		2F262385293EC10000898BB6 /* Assets.xcassets in Resources */ = {isa = PBXBuildFile; fileRef = 2F262384293EC10000898BB6 /* Assets.xcassets */; };
		2F262388293EC10000898BB6 /* Preview Assets.xcassets in Resources */ = {isa = PBXBuildFile; fileRef = 2F262387293EC10000898BB6 /* Preview Assets.xcassets */; };
		2F262394293EC35500898BB6 /* API.swift in Sources */ = {isa = PBXBuildFile; fileRef = 2F262393293EC35500898BB6 /* API.swift */; };
		2F262396293EC37C00898BB6 /* API+Ext.swift in Sources */ = {isa = PBXBuildFile; fileRef = 2F262395293EC37C00898BB6 /* API+Ext.swift */; };
		2F262398293ECED300898BB6 /* NetworkManager.swift in Sources */ = {isa = PBXBuildFile; fileRef = 2F262397293ECED300898BB6 /* NetworkManager.swift */; };
		2F26239A293FF02300898BB6 /* WeatherResponse.swift in Sources */ = {isa = PBXBuildFile; fileRef = 2F262399293FF02300898BB6 /* WeatherResponse.swift */; };
		2F26239C293FF0BE00898BB6 /* Weather.swift in Sources */ = {isa = PBXBuildFile; fileRef = 2F26239B293FF0BE00898BB6 /* Weather.swift */; };
		2F26239E293FF0CD00898BB6 /* WeatherDetail.swift in Sources */ = {isa = PBXBuildFile; fileRef = 2F26239D293FF0CD00898BB6 /* WeatherDetail.swift */; };
		2F2623A0293FF0F100898BB6 /* DailyWeather.swift in Sources */ = {isa = PBXBuildFile; fileRef = 2F26239F293FF0F100898BB6 /* DailyWeather.swift */; };
		2F2623A2293FF11C00898BB6 /* Temperature.swift in Sources */ = {isa = PBXBuildFile; fileRef = 2F2623A1293FF11C00898BB6 /* Temperature.swift */; };
		2F2623A42940B7F200898BB6 /* CityViewViewModel.swift in Sources */ = {isa = PBXBuildFile; fileRef = 2F2623A32940B7F200898BB6 /* CityViewViewModel.swift */; };
		2F2623A729426CCB00898BB6 /* Lottie in Frameworks */ = {isa = PBXBuildFile; productRef = 2F2623A629426CCB00898BB6 /* Lottie */; };
/* End PBXBuildFile section */

/* Begin PBXFileReference section */
		2F182337294272090020EE96 /* LottieView.swift */ = {isa = PBXFileReference; lastKnownFileType = sourcecode.swift; path = LottieView.swift; sourceTree = "<group>"; };
		2F1823392943BC390020EE96 /* dayRain.json */ = {isa = PBXFileReference; fileEncoding = 4; lastKnownFileType = text.json; path = dayRain.json; sourceTree = "<group>"; };
		2F18233A2943BC390020EE96 /* dayMist.json */ = {isa = PBXFileReference; fileEncoding = 4; lastKnownFileType = text.json; path = dayMist.json; sourceTree = "<group>"; };
		2F18233B2943BC390020EE96 /* nightBrokenClouds.json */ = {isa = PBXFileReference; fileEncoding = 4; lastKnownFileType = text.json; path = nightBrokenClouds.json; sourceTree = "<group>"; };
		2F18233C2943BC390020EE96 /* nightThunderstorm.json */ = {isa = PBXFileReference; fileEncoding = 4; lastKnownFileType = text.json; path = nightThunderstorm.json; sourceTree = "<group>"; };
		2F18233D2943BC390020EE96 /* dayFewClouds.json */ = {isa = PBXFileReference; fileEncoding = 4; lastKnownFileType = text.json; path = dayFewClouds.json; sourceTree = "<group>"; };
		2F18233E2943BC390020EE96 /* nightScatteredClouds.json */ = {isa = PBXFileReference; fileEncoding = 4; lastKnownFileType = text.json; path = nightScatteredClouds.json; sourceTree = "<group>"; };
		2F18233F2943BC390020EE96 /* nightSnow.json */ = {isa = PBXFileReference; fileEncoding = 4; lastKnownFileType = text.json; path = nightSnow.json; sourceTree = "<group>"; };
		2F1823402943BC390020EE96 /* dayClearSky.json */ = {isa = PBXFileReference; fileEncoding = 4; lastKnownFileType = text.json; path = dayClearSky.json; sourceTree = "<group>"; };
		2F1823412943BC390020EE96 /* daySnow.json */ = {isa = PBXFileReference; fileEncoding = 4; lastKnownFileType = text.json; path = daySnow.json; sourceTree = "<group>"; };
		2F1823422943BC390020EE96 /* nightShowerRains.json */ = {isa = PBXFileReference; fileEncoding = 4; lastKnownFileType = text.json; path = nightShowerRains.json; sourceTree = "<group>"; };
		2F1823432943BC390020EE96 /* dayThunderstorm.json */ = {isa = PBXFileReference; fileEncoding = 4; lastKnownFileType = text.json; path = dayThunderstorm.json; sourceTree = "<group>"; };
		2F1823442943BC390020EE96 /* nightRain.json */ = {isa = PBXFileReference; fileEncoding = 4; lastKnownFileType = text.json; path = nightRain.json; sourceTree = "<group>"; };
		2F1823452943BC390020EE96 /* dayScatteredClouds.json */ = {isa = PBXFileReference; fileEncoding = 4; lastKnownFileType = text.json; path = dayScatteredClouds.json; sourceTree = "<group>"; };
		2F1823462943BC3A0020EE96 /* nightClearSky.json */ = {isa = PBXFileReference; fileEncoding = 4; lastKnownFileType = text.json; path = nightClearSky.json; sourceTree = "<group>"; };
		2F1823472943BC3A0020EE96 /* dayShowerRains.json */ = {isa = PBXFileReference; fileEncoding = 4; lastKnownFileType = text.json; path = dayShowerRains.json; sourceTree = "<group>"; };
		2F1823482943BC3A0020EE96 /* dayBrokenClouds.json */ = {isa = PBXFileReference; fileEncoding = 4; lastKnownFileType = text.json; path = dayBrokenClouds.json; sourceTree = "<group>"; };
		2F1823492943BC3A0020EE96 /* nightFewClouds.json */ = {isa = PBXFileReference; fileEncoding = 4; lastKnownFileType = text.json; path = nightFewClouds.json; sourceTree = "<group>"; };
		2F18234A2943BC3A0020EE96 /* nightMist.json */ = {isa = PBXFileReference; fileEncoding = 4; lastKnownFileType = text.json; path = nightMist.json; sourceTree = "<group>"; };
		2F18235D2943BD2F0020EE96 /* MenuHeaderView.swift */ = {isa = PBXFileReference; lastKnownFileType = sourcecode.swift; path = MenuHeaderView.swift; sourceTree = "<group>"; };
		2F18235F2943C39A0020EE96 /* CityNameView.swift */ = {isa = PBXFileReference; lastKnownFileType = sourcecode.swift; path = CityNameView.swift; sourceTree = "<group>"; };
		2F1823612943C4C40020EE96 /* TodayWeatherView.swift */ = {isa = PBXFileReference; lastKnownFileType = sourcecode.swift; path = TodayWeatherView.swift; sourceTree = "<group>"; };
		2F1823632943CDAD0020EE96 /* HourlyWeatherView.swift */ = {isa = PBXFileReference; lastKnownFileType = sourcecode.swift; path = HourlyWeatherView.swift; sourceTree = "<group>"; };
		2F1823652943D35C0020EE96 /* DailyWeatherView.swift */ = {isa = PBXFileReference; lastKnownFileType = sourcecode.swift; path = DailyWeatherView.swift; sourceTree = "<group>"; };
		2F26237D293EC10000898BB6 /* DT_Weather_SwiftUI.app */ = {isa = PBXFileReference; explicitFileType = wrapper.application; includeInIndex = 0; path = DT_Weather_SwiftUI.app; sourceTree = BUILT_PRODUCTS_DIR; };
		2F262380293EC10000898BB6 /* DT_Weather_SwiftUIApp.swift */ = {isa = PBXFileReference; lastKnownFileType = sourcecode.swift; path = DT_Weather_SwiftUIApp.swift; sourceTree = "<group>"; };
		2F262382293EC10000898BB6 /* ContentView.swift */ = {isa = PBXFileReference; lastKnownFileType = sourcecode.swift; path = ContentView.swift; sourceTree = "<group>"; };
		2F262384293EC10000898BB6 /* Assets.xcassets */ = {isa = PBXFileReference; lastKnownFileType = folder.assetcatalog; path = Assets.xcassets; sourceTree = "<group>"; };
		2F262387293EC10000898BB6 /* Preview Assets.xcassets */ = {isa = PBXFileReference; lastKnownFileType = folder.assetcatalog; path = "Preview Assets.xcassets"; sourceTree = "<group>"; };
		2F262393293EC35500898BB6 /* API.swift */ = {isa = PBXFileReference; lastKnownFileType = sourcecode.swift; path = API.swift; sourceTree = "<group>"; };
		2F262395293EC37C00898BB6 /* API+Ext.swift */ = {isa = PBXFileReference; lastKnownFileType = sourcecode.swift; path = "API+Ext.swift"; sourceTree = "<group>"; };
		2F262397293ECED300898BB6 /* NetworkManager.swift */ = {isa = PBXFileReference; lastKnownFileType = sourcecode.swift; path = NetworkManager.swift; sourceTree = "<group>"; };
		2F262399293FF02300898BB6 /* WeatherResponse.swift */ = {isa = PBXFileReference; lastKnownFileType = sourcecode.swift; path = WeatherResponse.swift; sourceTree = "<group>"; };
		2F26239B293FF0BE00898BB6 /* Weather.swift */ = {isa = PBXFileReference; lastKnownFileType = sourcecode.swift; path = Weather.swift; sourceTree = "<group>"; };
		2F26239D293FF0CD00898BB6 /* WeatherDetail.swift */ = {isa = PBXFileReference; lastKnownFileType = sourcecode.swift; path = WeatherDetail.swift; sourceTree = "<group>"; };
		2F26239F293FF0F100898BB6 /* DailyWeather.swift */ = {isa = PBXFileReference; lastKnownFileType = sourcecode.swift; path = DailyWeather.swift; sourceTree = "<group>"; };
		2F2623A1293FF11C00898BB6 /* Temperature.swift */ = {isa = PBXFileReference; lastKnownFileType = sourcecode.swift; path = Temperature.swift; sourceTree = "<group>"; };
		2F2623A32940B7F200898BB6 /* CityViewViewModel.swift */ = {isa = PBXFileReference; lastKnownFileType = sourcecode.swift; path = CityViewViewModel.swift; sourceTree = "<group>"; };
/* End PBXFileReference section */

/* Begin PBXFrameworksBuildPhase section */
		2F26237A293EC10000898BB6 /* Frameworks */ = {
			isa = PBXFrameworksBuildPhase;
			buildActionMask = 2147483647;
			files = (
				2F2623A729426CCB00898BB6 /* Lottie in Frameworks */,
			);
			runOnlyForDeploymentPostprocessing = 0;
		};
/* End PBXFrameworksBuildPhase section */

/* Begin PBXGroup section */
		2F262374293EC10000898BB6 = {
			isa = PBXGroup;
			children = (
				2F26237F293EC10000898BB6 /* DT_Weather_SwiftUI */,
				2F26237E293EC10000898BB6 /* Products */,
			);
			sourceTree = "<group>";
		};
		2F26237E293EC10000898BB6 /* Products */ = {
			isa = PBXGroup;
			children = (
				2F26237D293EC10000898BB6 /* DT_Weather_SwiftUI.app */,
			);
			name = Products;
			sourceTree = "<group>";
		};
		2F26237F293EC10000898BB6 /* DT_Weather_SwiftUI */ = {
			isa = PBXGroup;
			children = (
				2F262392293EC33000898BB6 /* LottieAnimations */,
				2F262391293EC32400898BB6 /* ViewModels */,
				2F262390293EC31A00898BB6 /* Views */,
				2F26238F293EC30E00898BB6 /* Models */,
				2F26238E293EC2F100898BB6 /* Networking */,
				2F262380293EC10000898BB6 /* DT_Weather_SwiftUIApp.swift */,
				2F262382293EC10000898BB6 /* ContentView.swift */,
				2F262384293EC10000898BB6 /* Assets.xcassets */,
				2F262386293EC10000898BB6 /* Preview Content */,
			);
			path = DT_Weather_SwiftUI;
			sourceTree = "<group>";
		};
		2F262386293EC10000898BB6 /* Preview Content */ = {
			isa = PBXGroup;
			children = (
				2F262387293EC10000898BB6 /* Preview Assets.xcassets */,
			);
			path = "Preview Content";
			sourceTree = "<group>";
		};
		2F26238E293EC2F100898BB6 /* Networking */ = {
			isa = PBXGroup;
			children = (
				2F262397293ECED300898BB6 /* NetworkManager.swift */,
				2F262393293EC35500898BB6 /* API.swift */,
				2F262395293EC37C00898BB6 /* API+Ext.swift */,
			);
			path = Networking;
			sourceTree = "<group>";
		};
		2F26238F293EC30E00898BB6 /* Models */ = {
			isa = PBXGroup;
			children = (
				2F262399293FF02300898BB6 /* WeatherResponse.swift */,
				2F26239B293FF0BE00898BB6 /* Weather.swift */,
				2F26239D293FF0CD00898BB6 /* WeatherDetail.swift */,
				2F26239F293FF0F100898BB6 /* DailyWeather.swift */,
				2F2623A1293FF11C00898BB6 /* Temperature.swift */,
			);
			path = Models;
			sourceTree = "<group>";
		};
		2F262390293EC31A00898BB6 /* Views */ = {
			isa = PBXGroup;
			children = (
				2F182337294272090020EE96 /* LottieView.swift */,
				2F18235D2943BD2F0020EE96 /* MenuHeaderView.swift */,
				2F18235F2943C39A0020EE96 /* CityNameView.swift */,
				2F1823612943C4C40020EE96 /* TodayWeatherView.swift */,
				2F1823632943CDAD0020EE96 /* HourlyWeatherView.swift */,
				2F1823652943D35C0020EE96 /* DailyWeatherView.swift */,
			);
			path = Views;
			sourceTree = "<group>";
		};
		2F262391293EC32400898BB6 /* ViewModels */ = {
			isa = PBXGroup;
			children = (
				2F2623A32940B7F200898BB6 /* CityViewViewModel.swift */,
			);
			path = ViewModels;
			sourceTree = "<group>";
		};
		2F262392293EC33000898BB6 /* LottieAnimations */ = {
			isa = PBXGroup;
			children = (
				2F1823482943BC3A0020EE96 /* dayBrokenClouds.json */,
				2F1823402943BC390020EE96 /* dayClearSky.json */,
				2F18233D2943BC390020EE96 /* dayFewClouds.json */,
				2F18233A2943BC390020EE96 /* dayMist.json */,
				2F1823392943BC390020EE96 /* dayRain.json */,
				2F1823452943BC390020EE96 /* dayScatteredClouds.json */,
				2F1823472943BC3A0020EE96 /* dayShowerRains.json */,
				2F1823412943BC390020EE96 /* daySnow.json */,
				2F1823432943BC390020EE96 /* dayThunderstorm.json */,
				2F18233B2943BC390020EE96 /* nightBrokenClouds.json */,
				2F1823462943BC3A0020EE96 /* nightClearSky.json */,
				2F1823492943BC3A0020EE96 /* nightFewClouds.json */,
				2F18234A2943BC3A0020EE96 /* nightMist.json */,
				2F1823442943BC390020EE96 /* nightRain.json */,
				2F18233E2943BC390020EE96 /* nightScatteredClouds.json */,
				2F1823422943BC390020EE96 /* nightShowerRains.json */,
				2F18233F2943BC390020EE96 /* nightSnow.json */,
				2F18233C2943BC390020EE96 /* nightThunderstorm.json */,
			);
			path = LottieAnimations;
			sourceTree = "<group>";
		};
/* End PBXGroup section */

/* Begin PBXNativeTarget section */
		2F26237C293EC10000898BB6 /* DT_Weather_SwiftUI */ = {
			isa = PBXNativeTarget;
			buildConfigurationList = 2F26238B293EC10000898BB6 /* Build configuration list for PBXNativeTarget "DT_Weather_SwiftUI" */;
			buildPhases = (
				2F262379293EC10000898BB6 /* Sources */,
				2F26237A293EC10000898BB6 /* Frameworks */,
				2F26237B293EC10000898BB6 /* Resources */,
			);
			buildRules = (
			);
			dependencies = (
			);
			name = DT_Weather_SwiftUI;
			packageProductDependencies = (
				2F2623A629426CCB00898BB6 /* Lottie */,
			);
			productName = DT_Weather_SwiftUI;
			productReference = 2F26237D293EC10000898BB6 /* DT_Weather_SwiftUI.app */;
			productType = "com.apple.product-type.application";
		};
/* End PBXNativeTarget section */

/* Begin PBXProject section */
		2F262375293EC10000898BB6 /* Project object */ = {
			isa = PBXProject;
			attributes = {
				BuildIndependentTargetsInParallel = 1;
				LastSwiftUpdateCheck = 1410;
				LastUpgradeCheck = 1410;
				TargetAttributes = {
					2F26237C293EC10000898BB6 = {
						CreatedOnToolsVersion = 14.1;
					};
				};
			};
			buildConfigurationList = 2F262378293EC10000898BB6 /* Build configuration list for PBXProject "DT_Weather_SwiftUI" */;
			compatibilityVersion = "Xcode 14.0";
			developmentRegion = en;
			hasScannedForEncodings = 0;
			knownRegions = (
				en,
				Base,
			);
			mainGroup = 2F262374293EC10000898BB6;
			packageReferences = (
				2F2623A529426CCB00898BB6 /* XCRemoteSwiftPackageReference "lottie-ios" */,
			);
			productRefGroup = 2F26237E293EC10000898BB6 /* Products */;
			projectDirPath = "";
			projectRoot = "";
			targets = (
				2F26237C293EC10000898BB6 /* DT_Weather_SwiftUI */,
			);
		};
/* End PBXProject section */

/* Begin PBXResourcesBuildPhase section */
		2F26237B293EC10000898BB6 /* Resources */ = {
			isa = PBXResourcesBuildPhase;
			buildActionMask = 2147483647;
			files = (
				2F18234D2943BC3A0020EE96 /* nightBrokenClouds.json in Resources */,
				2F18235B2943BC3A0020EE96 /* nightFewClouds.json in Resources */,
				2F18234E2943BC3A0020EE96 /* nightThunderstorm.json in Resources */,
				2F1823582943BC3A0020EE96 /* nightClearSky.json in Resources */,
				2F1823512943BC3A0020EE96 /* nightSnow.json in Resources */,
				2F1823552943BC3A0020EE96 /* dayThunderstorm.json in Resources */,
				2F1823562943BC3A0020EE96 /* nightRain.json in Resources */,
				2F262388293EC10000898BB6 /* Preview Assets.xcassets in Resources */,
				2F18235A2943BC3A0020EE96 /* dayBrokenClouds.json in Resources */,
				2F18235C2943BC3A0020EE96 /* nightMist.json in Resources */,
				2F1823542943BC3A0020EE96 /* nightShowerRains.json in Resources */,
				2F1823522943BC3A0020EE96 /* dayClearSky.json in Resources */,
				2F1823572943BC3A0020EE96 /* dayScatteredClouds.json in Resources */,
				2F18234B2943BC3A0020EE96 /* dayRain.json in Resources */,
				2F1823532943BC3A0020EE96 /* daySnow.json in Resources */,
				2F1823502943BC3A0020EE96 /* nightScatteredClouds.json in Resources */,
				2F18234F2943BC3A0020EE96 /* dayFewClouds.json in Resources */,
				2F1823592943BC3A0020EE96 /* dayShowerRains.json in Resources */,
				2F262385293EC10000898BB6 /* Assets.xcassets in Resources */,
				2F18234C2943BC3A0020EE96 /* dayMist.json in Resources */,
			);
			runOnlyForDeploymentPostprocessing = 0;
		};
/* End PBXResourcesBuildPhase section */

/* Begin PBXSourcesBuildPhase section */
		2F262379293EC10000898BB6 /* Sources */ = {
			isa = PBXSourcesBuildPhase;
			buildActionMask = 2147483647;
			files = (
				2F1823642943CDAD0020EE96 /* HourlyWeatherView.swift in Sources */,
				2F262383293EC10000898BB6 /* ContentView.swift in Sources */,
				2F2623A42940B7F200898BB6 /* CityViewViewModel.swift in Sources */,
				2F1823602943C39A0020EE96 /* CityNameView.swift in Sources */,
				2F26239E293FF0CD00898BB6 /* WeatherDetail.swift in Sources */,
				2F26239A293FF02300898BB6 /* WeatherResponse.swift in Sources */,
				2F262394293EC35500898BB6 /* API.swift in Sources */,
				2F262398293ECED300898BB6 /* NetworkManager.swift in Sources */,
				2F262396293EC37C00898BB6 /* API+Ext.swift in Sources */,
				2F18235E2943BD2F0020EE96 /* MenuHeaderView.swift in Sources */,
				2F262381293EC10000898BB6 /* DT_Weather_SwiftUIApp.swift in Sources */,
				2F26239C293FF0BE00898BB6 /* Weather.swift in Sources */,
				2F1823622943C4C40020EE96 /* TodayWeatherView.swift in Sources */,
				2F2623A2293FF11C00898BB6 /* Temperature.swift in Sources */,
				2F2623A0293FF0F100898BB6 /* DailyWeather.swift in Sources */,
				2F1823662943D35C0020EE96 /* DailyWeatherView.swift in Sources */,
				2F182338294272090020EE96 /* LottieView.swift in Sources */,
			);
			runOnlyForDeploymentPostprocessing = 0;
		};
/* End PBXSourcesBuildPhase section */

/* Begin XCBuildConfiguration section */
		2F262389293EC10000898BB6 /* Debug */ = {
			isa = XCBuildConfiguration;
			buildSettings = {
				ALWAYS_SEARCH_USER_PATHS = NO;
				CLANG_ANALYZER_NONNULL = YES;
				CLANG_ANALYZER_NUMBER_OBJECT_CONVERSION = YES_AGGRESSIVE;
				CLANG_CXX_LANGUAGE_STANDARD = "gnu++20";
				CLANG_ENABLE_MODULES = YES;
				CLANG_ENABLE_OBJC_ARC = YES;
				CLANG_ENABLE_OBJC_WEAK = YES;
				CLANG_WARN_BLOCK_CAPTURE_AUTORELEASING = YES;
				CLANG_WARN_BOOL_CONVERSION = YES;
				CLANG_WARN_COMMA = YES;
				CLANG_WARN_CONSTANT_CONVERSION = YES;
				CLANG_WARN_DEPRECATED_OBJC_IMPLEMENTATIONS = YES;
				CLANG_WARN_DIRECT_OBJC_ISA_USAGE = YES_ERROR;
				CLANG_WARN_DOCUMENTATION_COMMENTS = YES;
				CLANG_WARN_EMPTY_BODY = YES;
				CLANG_WARN_ENUM_CONVERSION = YES;
				CLANG_WARN_INFINITE_RECURSION = YES;
				CLANG_WARN_INT_CONVERSION = YES;
				CLANG_WARN_NON_LITERAL_NULL_CONVERSION = YES;
				CLANG_WARN_OBJC_IMPLICIT_RETAIN_SELF = YES;
				CLANG_WARN_OBJC_LITERAL_CONVERSION = YES;
				CLANG_WARN_OBJC_ROOT_CLASS = YES_ERROR;
				CLANG_WARN_QUOTED_INCLUDE_IN_FRAMEWORK_HEADER = YES;
				CLANG_WARN_RANGE_LOOP_ANALYSIS = YES;
				CLANG_WARN_STRICT_PROTOTYPES = YES;
				CLANG_WARN_SUSPICIOUS_MOVE = YES;
				CLANG_WARN_UNGUARDED_AVAILABILITY = YES_AGGRESSIVE;
				CLANG_WARN_UNREACHABLE_CODE = YES;
				CLANG_WARN__DUPLICATE_METHOD_MATCH = YES;
				COPY_PHASE_STRIP = NO;
				DEBUG_INFORMATION_FORMAT = dwarf;
				ENABLE_STRICT_OBJC_MSGSEND = YES;
				ENABLE_TESTABILITY = YES;
				GCC_C_LANGUAGE_STANDARD = gnu11;
				GCC_DYNAMIC_NO_PIC = NO;
				GCC_NO_COMMON_BLOCKS = YES;
				GCC_OPTIMIZATION_LEVEL = 0;
				GCC_PREPROCESSOR_DEFINITIONS = (
					"DEBUG=1",
					"$(inherited)",
				);
				GCC_WARN_64_TO_32_BIT_CONVERSION = YES;
				GCC_WARN_ABOUT_RETURN_TYPE = YES_ERROR;
				GCC_WARN_UNDECLARED_SELECTOR = YES;
				GCC_WARN_UNINITIALIZED_AUTOS = YES_AGGRESSIVE;
				GCC_WARN_UNUSED_FUNCTION = YES;
				GCC_WARN_UNUSED_VARIABLE = YES;
				IPHONEOS_DEPLOYMENT_TARGET = 16.1;
				MTL_ENABLE_DEBUG_INFO = INCLUDE_SOURCE;
				MTL_FAST_MATH = YES;
				ONLY_ACTIVE_ARCH = YES;
				SDKROOT = iphoneos;
				SWIFT_ACTIVE_COMPILATION_CONDITIONS = DEBUG;
				SWIFT_OPTIMIZATION_LEVEL = "-Onone";
			};
			name = Debug;
		};
		2F26238A293EC10000898BB6 /* Release */ = {
			isa = XCBuildConfiguration;
			buildSettings = {
				ALWAYS_SEARCH_USER_PATHS = NO;
				CLANG_ANALYZER_NONNULL = YES;
				CLANG_ANALYZER_NUMBER_OBJECT_CONVERSION = YES_AGGRESSIVE;
				CLANG_CXX_LANGUAGE_STANDARD = "gnu++20";
				CLANG_ENABLE_MODULES = YES;
				CLANG_ENABLE_OBJC_ARC = YES;
				CLANG_ENABLE_OBJC_WEAK = YES;
				CLANG_WARN_BLOCK_CAPTURE_AUTORELEASING = YES;
				CLANG_WARN_BOOL_CONVERSION = YES;
				CLANG_WARN_COMMA = YES;
				CLANG_WARN_CONSTANT_CONVERSION = YES;
				CLANG_WARN_DEPRECATED_OBJC_IMPLEMENTATIONS = YES;
				CLANG_WARN_DIRECT_OBJC_ISA_USAGE = YES_ERROR;
				CLANG_WARN_DOCUMENTATION_COMMENTS = YES;
				CLANG_WARN_EMPTY_BODY = YES;
				CLANG_WARN_ENUM_CONVERSION = YES;
				CLANG_WARN_INFINITE_RECURSION = YES;
				CLANG_WARN_INT_CONVERSION = YES;
				CLANG_WARN_NON_LITERAL_NULL_CONVERSION = YES;
				CLANG_WARN_OBJC_IMPLICIT_RETAIN_SELF = YES;
				CLANG_WARN_OBJC_LITERAL_CONVERSION = YES;
				CLANG_WARN_OBJC_ROOT_CLASS = YES_ERROR;
				CLANG_WARN_QUOTED_INCLUDE_IN_FRAMEWORK_HEADER = YES;
				CLANG_WARN_RANGE_LOOP_ANALYSIS = YES;
				CLANG_WARN_STRICT_PROTOTYPES = YES;
				CLANG_WARN_SUSPICIOUS_MOVE = YES;
				CLANG_WARN_UNGUARDED_AVAILABILITY = YES_AGGRESSIVE;
				CLANG_WARN_UNREACHABLE_CODE = YES;
				CLANG_WARN__DUPLICATE_METHOD_MATCH = YES;
				COPY_PHASE_STRIP = NO;
				DEBUG_INFORMATION_FORMAT = "dwarf-with-dsym";
				ENABLE_NS_ASSERTIONS = NO;
				ENABLE_STRICT_OBJC_MSGSEND = YES;
				GCC_C_LANGUAGE_STANDARD = gnu11;
				GCC_NO_COMMON_BLOCKS = YES;
				GCC_WARN_64_TO_32_BIT_CONVERSION = YES;
				GCC_WARN_ABOUT_RETURN_TYPE = YES_ERROR;
				GCC_WARN_UNDECLARED_SELECTOR = YES;
				GCC_WARN_UNINITIALIZED_AUTOS = YES_AGGRESSIVE;
				GCC_WARN_UNUSED_FUNCTION = YES;
				GCC_WARN_UNUSED_VARIABLE = YES;
				IPHONEOS_DEPLOYMENT_TARGET = 16.1;
				MTL_ENABLE_DEBUG_INFO = NO;
				MTL_FAST_MATH = YES;
				SDKROOT = iphoneos;
				SWIFT_COMPILATION_MODE = wholemodule;
				SWIFT_OPTIMIZATION_LEVEL = "-O";
				VALIDATE_PRODUCT = YES;
			};
			name = Release;
		};
		2F26238C293EC10000898BB6 /* Debug */ = {
			isa = XCBuildConfiguration;
			buildSettings = {
				ASSETCATALOG_COMPILER_APPICON_NAME = AppIcon;
				ASSETCATALOG_COMPILER_GLOBAL_ACCENT_COLOR_NAME = AccentColor;
				CODE_SIGN_STYLE = Automatic;
				CURRENT_PROJECT_VERSION = 1;
				DEVELOPMENT_ASSET_PATHS = "\"DT_Weather_SwiftUI/Preview Content\"";
				DEVELOPMENT_TEAM = Q584HK9U5R;
				ENABLE_PREVIEWS = YES;
				GENERATE_INFOPLIST_FILE = YES;
				INFOPLIST_KEY_UIApplicationSceneManifest_Generation = YES;
				INFOPLIST_KEY_UIApplicationSupportsIndirectInputEvents = YES;
				INFOPLIST_KEY_UILaunchScreen_Generation = YES;
				INFOPLIST_KEY_UISupportedInterfaceOrientations_iPad = "UIInterfaceOrientationPortrait UIInterfaceOrientationPortraitUpsideDown UIInterfaceOrientationLandscapeLeft UIInterfaceOrientationLandscapeRight";
				INFOPLIST_KEY_UISupportedInterfaceOrientations_iPhone = "UIInterfaceOrientationPortrait UIInterfaceOrientationLandscapeLeft UIInterfaceOrientationLandscapeRight";
				LD_RUNPATH_SEARCH_PATHS = (
					"$(inherited)",
					"@executable_path/Frameworks",
				);
				MARKETING_VERSION = 1.0;
				PRODUCT_BUNDLE_IDENTIFIER = "com.corytepper.DT-Weather-SwiftUI";
				PRODUCT_NAME = "$(TARGET_NAME)";
				SWIFT_EMIT_LOC_STRINGS = YES;
				SWIFT_VERSION = 5.0;
				TARGETED_DEVICE_FAMILY = "1,2";
			};
			name = Debug;
		};
		2F26238D293EC10000898BB6 /* Release */ = {
			isa = XCBuildConfiguration;
			buildSettings = {
				ASSETCATALOG_COMPILER_APPICON_NAME = AppIcon;
				ASSETCATALOG_COMPILER_GLOBAL_ACCENT_COLOR_NAME = AccentColor;
				CODE_SIGN_STYLE = Automatic;
				CURRENT_PROJECT_VERSION = 1;
				DEVELOPMENT_ASSET_PATHS = "\"DT_Weather_SwiftUI/Preview Content\"";
				DEVELOPMENT_TEAM = Q584HK9U5R;
				ENABLE_PREVIEWS = YES;
				GENERATE_INFOPLIST_FILE = YES;
				INFOPLIST_KEY_UIApplicationSceneManifest_Generation = YES;
				INFOPLIST_KEY_UIApplicationSupportsIndirectInputEvents = YES;
				INFOPLIST_KEY_UILaunchScreen_Generation = YES;
				INFOPLIST_KEY_UISupportedInterfaceOrientations_iPad = "UIInterfaceOrientationPortrait UIInterfaceOrientationPortraitUpsideDown UIInterfaceOrientationLandscapeLeft UIInterfaceOrientationLandscapeRight";
				INFOPLIST_KEY_UISupportedInterfaceOrientations_iPhone = "UIInterfaceOrientationPortrait UIInterfaceOrientationLandscapeLeft UIInterfaceOrientationLandscapeRight";
				LD_RUNPATH_SEARCH_PATHS = (
					"$(inherited)",
					"@executable_path/Frameworks",
				);
				MARKETING_VERSION = 1.0;
				PRODUCT_BUNDLE_IDENTIFIER = "com.corytepper.DT-Weather-SwiftUI";
				PRODUCT_NAME = "$(TARGET_NAME)";
				SWIFT_EMIT_LOC_STRINGS = YES;
				SWIFT_VERSION = 5.0;
				TARGETED_DEVICE_FAMILY = "1,2";
			};
			name = Release;
		};
/* End XCBuildConfiguration section */

/* Begin XCConfigurationList section */
		2F262378293EC10000898BB6 /* Build configuration list for PBXProject "DT_Weather_SwiftUI" */ = {
			isa = XCConfigurationList;
			buildConfigurations = (
				2F262389293EC10000898BB6 /* Debug */,
				2F26238A293EC10000898BB6 /* Release */,
			);
			defaultConfigurationIsVisible = 0;
			defaultConfigurationName = Release;
		};
		2F26238B293EC10000898BB6 /* Build configuration list for PBXNativeTarget "DT_Weather_SwiftUI" */ = {
			isa = XCConfigurationList;
			buildConfigurations = (
				2F26238C293EC10000898BB6 /* Debug */,
				2F26238D293EC10000898BB6 /* Release */,
			);
			defaultConfigurationIsVisible = 0;
			defaultConfigurationName = Release;
		};
/* End XCConfigurationList section */

/* Begin XCRemoteSwiftPackageReference section */
		2F2623A529426CCB00898BB6 /* XCRemoteSwiftPackageReference "lottie-ios" */ = {
			isa = XCRemoteSwiftPackageReference;
			repositoryURL = "https://github.com/airbnb/lottie-ios";
			requirement = {
				kind = upToNextMajorVersion;
				minimumVersion = 4.0.0;
			};
		};
/* End XCRemoteSwiftPackageReference section */

/* Begin XCSwiftPackageProductDependency section */
		2F2623A629426CCB00898BB6 /* Lottie */ = {
			isa = XCSwiftPackageProductDependency;
			package = 2F2623A529426CCB00898BB6 /* XCRemoteSwiftPackageReference "lottie-ios" */;
			productName = Lottie;
		};
/* End XCSwiftPackageProductDependency section */
	};
	rootObject = 2F262375293EC10000898BB6 /* Project object */;
}
